// !$*UTF8*$!
{
	archiveVersion = 1;
	classes = {
	};
	objectVersion = 50;
	objects = {

/* Begin PBXBuildFile section */
		E86A6B5126C2E764009FF575 /* AppDelegate.swift in Sources */ = {isa = PBXBuildFile; fileRef = E86A6B5026C2E764009FF575 /* AppDelegate.swift */; };
		E86A6B5326C2E764009FF575 /* SceneDelegate.swift in Sources */ = {isa = PBXBuildFile; fileRef = E86A6B5226C2E764009FF575 /* SceneDelegate.swift */; };
		E86A6B5526C2E764009FF575 /* ViewController.swift in Sources */ = {isa = PBXBuildFile; fileRef = E86A6B5426C2E764009FF575 /* ViewController.swift */; };
		E86A6B5826C2E764009FF575 /* Main.storyboard in Resources */ = {isa = PBXBuildFile; fileRef = E86A6B5626C2E764009FF575 /* Main.storyboard */; };
		E86A6B5A26C2E766009FF575 /* Assets.xcassets in Resources */ = {isa = PBXBuildFile; fileRef = E86A6B5926C2E766009FF575 /* Assets.xcassets */; };
		E86A6B5D26C2E766009FF575 /* LaunchScreen.storyboard in Resources */ = {isa = PBXBuildFile; fileRef = E86A6B5B26C2E766009FF575 /* LaunchScreen.storyboard */; };
		E86A6B6526C2E9CD009FF575 /* FriendCollectionViewCell.swift in Sources */ = {isa = PBXBuildFile; fileRef = E86A6B6426C2E9CD009FF575 /* FriendCollectionViewCell.swift */; };
		E86A6B6726C2EB0F009FF575 /* Friend.swift in Sources */ = {isa = PBXBuildFile; fileRef = E86A6B6626C2EB0F009FF575 /* Friend.swift */; };
/* End PBXBuildFile section */

/* Begin PBXFileReference section */
		E86A6B4D26C2E764009FF575 /* FriendsCollection.app */ = {isa = PBXFileReference; explicitFileType = wrapper.application; includeInIndex = 0; path = FriendsCollection.app; sourceTree = BUILT_PRODUCTS_DIR; };
		E86A6B5026C2E764009FF575 /* AppDelegate.swift */ = {isa = PBXFileReference; lastKnownFileType = sourcecode.swift; path = AppDelegate.swift; sourceTree = "<group>"; };
		E86A6B5226C2E764009FF575 /* SceneDelegate.swift */ = {isa = PBXFileReference; lastKnownFileType = sourcecode.swift; path = SceneDelegate.swift; sourceTree = "<group>"; };
		E86A6B5426C2E764009FF575 /* ViewController.swift */ = {isa = PBXFileReference; lastKnownFileType = sourcecode.swift; path = ViewController.swift; sourceTree = "<group>"; };
		E86A6B5726C2E764009FF575 /* Base */ = {isa = PBXFileReference; lastKnownFileType = file.storyboard; name = Base; path = Base.lproj/Main.storyboard; sourceTree = "<group>"; };
		E86A6B5926C2E766009FF575 /* Assets.xcassets */ = {isa = PBXFileReference; lastKnownFileType = folder.assetcatalog; path = Assets.xcassets; sourceTree = "<group>"; };
		E86A6B5C26C2E766009FF575 /* Base */ = {isa = PBXFileReference; lastKnownFileType = file.storyboard; name = Base; path = Base.lproj/LaunchScreen.storyboard; sourceTree = "<group>"; };
		E86A6B5E26C2E766009FF575 /* Info.plist */ = {isa = PBXFileReference; lastKnownFileType = text.plist.xml; path = Info.plist; sourceTree = "<group>"; };
		E86A6B6426C2E9CD009FF575 /* FriendCollectionViewCell.swift */ = {isa = PBXFileReference; lastKnownFileType = sourcecode.swift; path = FriendCollectionViewCell.swift; sourceTree = "<group>"; };
		E86A6B6626C2EB0F009FF575 /* Friend.swift */ = {isa = PBXFileReference; lastKnownFileType = sourcecode.swift; path = Friend.swift; sourceTree = "<group>"; };
/* End PBXFileReference section */

/* Begin PBXFrameworksBuildPhase section */
		E86A6B4A26C2E764009FF575 /* Frameworks */ = {
			isa = PBXFrameworksBuildPhase;
			buildActionMask = 2147483647;
			files = (
			);
			runOnlyForDeploymentPostprocessing = 0;
		};
/* End PBXFrameworksBuildPhase section */

/* Begin PBXGroup section */
		E86A6B4426C2E764009FF575 = {
			isa = PBXGroup;
			children = (
				E86A6B4F26C2E764009FF575 /* FriendsCollection */,
				E86A6B4E26C2E764009FF575 /* Products */,
			);
			sourceTree = "<group>";
		};
		E86A6B4E26C2E764009FF575 /* Products */ = {
			isa = PBXGroup;
			children = (
				E86A6B4D26C2E764009FF575 /* FriendsCollection.app */,
			);
			name = Products;
			sourceTree = "<group>";
		};
		E86A6B4F26C2E764009FF575 /* FriendsCollection */ = {
			isa = PBXGroup;
			children = (
				E86A6B5026C2E764009FF575 /* AppDelegate.swift */,
				E86A6B5226C2E764009FF575 /* SceneDelegate.swift */,
				E86A6B5426C2E764009FF575 /* ViewController.swift */,
				E86A6B6626C2EB0F009FF575 /* Friend.swift */,
				E86A6B5626C2E764009FF575 /* Main.storyboard */,
				E86A6B6426C2E9CD009FF575 /* FriendCollectionViewCell.swift */,
				E86A6B5926C2E766009FF575 /* Assets.xcassets */,
				E86A6B5B26C2E766009FF575 /* LaunchScreen.storyboard */,
				E86A6B5E26C2E766009FF575 /* Info.plist */,
			);
			path = FriendsCollection;
			sourceTree = "<group>";
		};
/* End PBXGroup section */

/* Begin PBXNativeTarget section */
		E86A6B4C26C2E764009FF575 /* FriendsCollection */ = {
			isa = PBXNativeTarget;
			buildConfigurationList = E86A6B6126C2E766009FF575 /* Build configuration list for PBXNativeTarget "FriendsCollection" */;
			buildPhases = (
				E86A6B4926C2E764009FF575 /* Sources */,
				E86A6B4A26C2E764009FF575 /* Frameworks */,
				E86A6B4B26C2E764009FF575 /* Resources */,
			);
			buildRules = (
			);
			dependencies = (
			);
			name = FriendsCollection;
			productName = FriendsCollection;
			productReference = E86A6B4D26C2E764009FF575 /* FriendsCollection.app */;
			productType = "com.apple.product-type.application";
		};
/* End PBXNativeTarget section */

/* Begin PBXProject section */
		E86A6B4526C2E764009FF575 /* Project object */ = {
			isa = PBXProject;
			attributes = {
				LastSwiftUpdateCheck = 1250;
				LastUpgradeCheck = 1250;
				TargetAttributes = {
					E86A6B4C26C2E764009FF575 = {
						CreatedOnToolsVersion = 12.5.1;
					};
				};
			};
			buildConfigurationList = E86A6B4826C2E764009FF575 /* Build configuration list for PBXProject "FriendsCollection" */;
			compatibilityVersion = "Xcode 9.3";
			developmentRegion = en;
			hasScannedForEncodings = 0;
			knownRegions = (
				en,
				Base,
			);
			mainGroup = E86A6B4426C2E764009FF575;
			productRefGroup = E86A6B4E26C2E764009FF575 /* Products */;
			projectDirPath = "";
			projectRoot = "";
			targets = (
				E86A6B4C26C2E764009FF575 /* FriendsCollection */,
			);
		};
/* End PBXProject section */

/* Begin PBXResourcesBuildPhase section */
		E86A6B4B26C2E764009FF575 /* Resources */ = {
			isa = PBXResourcesBuildPhase;
			buildActionMask = 2147483647;
			files = (
				E86A6B5D26C2E766009FF575 /* LaunchScreen.storyboard in Resources */,
				E86A6B5A26C2E766009FF575 /* Assets.xcassets in Resources */,
				E86A6B5826C2E764009FF575 /* Main.storyboard in Resources */,
			);
			runOnlyForDeploymentPostprocessing = 0;
		};
/* End PBXResourcesBuildPhase section */

/* Begin PBXSourcesBuildPhase section */
		E86A6B4926C2E764009FF575 /* Sources */ = {
			isa = PBXSourcesBuildPhase;
			buildActionMask = 2147483647;
			files = (
				E86A6B6526C2E9CD009FF575 /* FriendCollectionViewCell.swift in Sources */,
				E86A6B5526C2E764009FF575 /* ViewController.swift in Sources */,
				E86A6B6726C2EB0F009FF575 /* Friend.swift in Sources */,
				E86A6B5126C2E764009FF575 /* AppDelegate.swift in Sources */,
				E86A6B5326C2E764009FF575 /* SceneDelegate.swift in Sources */,
			);
			runOnlyForDeploymentPostprocessing = 0;
		};
/* End PBXSourcesBuildPhase section */

/* Begin PBXVariantGroup section */
		E86A6B5626C2E764009FF575 /* Main.storyboard */ = {
			isa = PBXVariantGroup;
			children = (
				E86A6B5726C2E764009FF575 /* Base */,
			);
			name = Main.storyboard;
			sourceTree = "<group>";
		};
		E86A6B5B26C2E766009FF575 /* LaunchScreen.storyboard */ = {
			isa = PBXVariantGroup;
			children = (
				E86A6B5C26C2E766009FF575 /* Base */,
			);
			name = LaunchScreen.storyboard;
			sourceTree = "<group>";
		};
/* End PBXVariantGroup section */

/* Begin XCBuildConfiguration section */
		E86A6B5F26C2E766009FF575 /* Debug */ = {
			isa = XCBuildConfiguration;
			buildSettings = {
				ALWAYS_SEARCH_USER_PATHS = NO;
				CLANG_ANALYZER_NONNULL = YES;
				CLANG_ANALYZER_NUMBER_OBJECT_CONVERSION = YES_AGGRESSIVE;
				CLANG_CXX_LANGUAGE_STANDARD = "gnu++14";
				CLANG_CXX_LIBRARY = "libc++";
				CLANG_ENABLE_MODULES = YES;
				CLANG_ENABLE_OBJC_ARC = YES;
				CLANG_ENABLE_OBJC_WEAK = YES;
				CLANG_WARN_BLOCK_CAPTURE_AUTORELEASING = YES;
				CLANG_WARN_BOOL_CONVERSION = YES;
				CLANG_WARN_COMMA = YES;
				CLANG_WARN_CONSTANT_CONVERSION = YES;
				CLANG_WARN_DEPRECATED_OBJC_IMPLEMENTATIONS = YES;
				CLANG_WARN_DIRECT_OBJC_ISA_USAGE = YES_ERROR;
				CLANG_WARN_DOCUMENTATION_COMMENTS = YES;
				CLANG_WARN_EMPTY_BODY = YES;
				CLANG_WARN_ENUM_CONVERSION = YES;
				CLANG_WARN_INFINITE_RECURSION = YES;
				CLANG_WARN_INT_CONVERSION = YES;
				CLANG_WARN_NON_LITERAL_NULL_CONVERSION = YES;
				CLANG_WARN_OBJC_IMPLICIT_RETAIN_SELF = YES;
				CLANG_WARN_OBJC_LITERAL_CONVERSION = YES;
				CLANG_WARN_OBJC_ROOT_CLASS = YES_ERROR;
				CLANG_WARN_QUOTED_INCLUDE_IN_FRAMEWORK_HEADER = YES;
				CLANG_WARN_RANGE_LOOP_ANALYSIS = YES;
				CLANG_WARN_STRICT_PROTOTYPES = YES;
				CLANG_WARN_SUSPICIOUS_MOVE = YES;
				CLANG_WARN_UNGUARDED_AVAILABILITY = YES_AGGRESSIVE;
				CLANG_WARN_UNREACHABLE_CODE = YES;
				CLANG_WARN__DUPLICATE_METHOD_MATCH = YES;
				COPY_PHASE_STRIP = NO;
				DEBUG_INFORMATION_FORMAT = dwarf;
				ENABLE_STRICT_OBJC_MSGSEND = YES;
				ENABLE_TESTABILITY = YES;
				GCC_C_LANGUAGE_STANDARD = gnu11;
				GCC_DYNAMIC_NO_PIC = NO;
				GCC_NO_COMMON_BLOCKS = YES;
				GCC_OPTIMIZATION_LEVEL = 0;
				GCC_PREPROCESSOR_DEFINITIONS = (
					"DEBUG=1",
					"$(inherited)",
				);
				GCC_WARN_64_TO_32_BIT_CONVERSION = YES;
				GCC_WARN_ABOUT_RETURN_TYPE = YES_ERROR;
				GCC_WARN_UNDECLARED_SELECTOR = YES;
				GCC_WARN_UNINITIALIZED_AUTOS = YES_AGGRESSIVE;
				GCC_WARN_UNUSED_FUNCTION = YES;
				GCC_WARN_UNUSED_VARIABLE = YES;
				IPHONEOS_DEPLOYMENT_TARGET = 14.5;
				MTL_ENABLE_DEBUG_INFO = INCLUDE_SOURCE;
				MTL_FAST_MATH = YES;
				ONLY_ACTIVE_ARCH = YES;
				SDKROOT = iphoneos;
				SWIFT_ACTIVE_COMPILATION_CONDITIONS = DEBUG;
				SWIFT_OPTIMIZATION_LEVEL = "-Onone";
			};
			name = Debug;
		};
		E86A6B6026C2E766009FF575 /* Release */ = {
			isa = XCBuildConfiguration;
			buildSettings = {
				ALWAYS_SEARCH_USER_PATHS = NO;
				CLANG_ANALYZER_NONNULL = YES;
				CLANG_ANALYZER_NUMBER_OBJECT_CONVERSION = YES_AGGRESSIVE;
				CLANG_CXX_LANGUAGE_STANDARD = "gnu++14";
				CLANG_CXX_LIBRARY = "libc++";
				CLANG_ENABLE_MODULES = YES;
				CLANG_ENABLE_OBJC_ARC = YES;
				CLANG_ENABLE_OBJC_WEAK = YES;
				CLANG_WARN_BLOCK_CAPTURE_AUTORELEASING = YES;
				CLANG_WARN_BOOL_CONVERSION = YES;
				CLANG_WARN_COMMA = YES;
				CLANG_WARN_CONSTANT_CONVERSION = YES;
				CLANG_WARN_DEPRECATED_OBJC_IMPLEMENTATIONS = YES;
				CLANG_WARN_DIRECT_OBJC_ISA_USAGE = YES_ERROR;
				CLANG_WARN_DOCUMENTATION_COMMENTS = YES;
				CLANG_WARN_EMPTY_BODY = YES;
				CLANG_WARN_ENUM_CONVERSION = YES;
				CLANG_WARN_INFINITE_RECURSION = YES;
				CLANG_WARN_INT_CONVERSION = YES;
				CLANG_WARN_NON_LITERAL_NULL_CONVERSION = YES;
				CLANG_WARN_OBJC_IMPLICIT_RETAIN_SELF = YES;
				CLANG_WARN_OBJC_LITERAL_CONVERSION = YES;
				CLANG_WARN_OBJC_ROOT_CLASS = YES_ERROR;
				CLANG_WARN_QUOTED_INCLUDE_IN_FRAMEWORK_HEADER = YES;
				CLANG_WARN_RANGE_LOOP_ANALYSIS = YES;
				CLANG_WARN_STRICT_PROTOTYPES = YES;
				CLANG_WARN_SUSPICIOUS_MOVE = YES;
				CLANG_WARN_UNGUARDED_AVAILABILITY = YES_AGGRESSIVE;
				CLANG_WARN_UNREACHABLE_CODE = YES;
				CLANG_WARN__DUPLICATE_METHOD_MATCH = YES;
				COPY_PHASE_STRIP = NO;
				DEBUG_INFORMATION_FORMAT = "dwarf-with-dsym";
				ENABLE_NS_ASSERTIONS = NO;
				ENABLE_STRICT_OBJC_MSGSEND = YES;
				GCC_C_LANGUAGE_STANDARD = gnu11;
				GCC_NO_COMMON_BLOCKS = YES;
				GCC_WARN_64_TO_32_BIT_CONVERSION = YES;
				GCC_WARN_ABOUT_RETURN_TYPE = YES_ERROR;
				GCC_WARN_UNDECLARED_SELECTOR = YES;
				GCC_WARN_UNINITIALIZED_AUTOS = YES_AGGRESSIVE;
				GCC_WARN_UNUSED_FUNCTION = YES;
				GCC_WARN_UNUSED_VARIABLE = YES;
				IPHONEOS_DEPLOYMENT_TARGET = 14.5;
				MTL_ENABLE_DEBUG_INFO = NO;
				MTL_FAST_MATH = YES;
				SDKROOT = iphoneos;
				SWIFT_COMPILATION_MODE = wholemodule;
				SWIFT_OPTIMIZATION_LEVEL = "-O";
				VALIDATE_PRODUCT = YES;
			};
			name = Release;
		};
		E86A6B6226C2E766009FF575 /* Debug */ = {
			isa = XCBuildConfiguration;
			buildSettings = {
				ASSETCATALOG_COMPILER_APPICON_NAME = AppIcon;
				ASSETCATALOG_COMPILER_GLOBAL_ACCENT_COLOR_NAME = AccentColor;
				CODE_SIGN_STYLE = Automatic;
				DEVELOPMENT_TEAM = 9P444U7TM8;
				INFOPLIST_FILE = FriendsCollection/Info.plist;
				LD_RUNPATH_SEARCH_PATHS = (
					"$(inherited)",
					"@executable_path/Frameworks",
				);
				PRODUCT_BUNDLE_IDENTIFIER = jisoo.FriendsCollection;
				PRODUCT_NAME = "$(TARGET_NAME)";
				SWIFT_VERSION = 5.0;
				TARGETED_DEVICE_FAMILY = "1,2";
			};
			name = Debug;
		};
		E86A6B6326C2E766009FF575 /* Release */ = {
			isa = XCBuildConfiguration;
			buildSettings = {
				ASSETCATALOG_COMPILER_APPICON_NAME = AppIcon;
				ASSETCATALOG_COMPILER_GLOBAL_ACCENT_COLOR_NAME = AccentColor;
				CODE_SIGN_STYLE = Automatic;
				DEVELOPMENT_TEAM = 9P444U7TM8;
				INFOPLIST_FILE = FriendsCollection/Info.plist;
				LD_RUNPATH_SEARCH_PATHS = (
					"$(inherited)",
					"@executable_path/Frameworks",
				);
				PRODUCT_BUNDLE_IDENTIFIER = jisoo.FriendsCollection;
				PRODUCT_NAME = "$(TARGET_NAME)";
				SWIFT_VERSION = 5.0;
				TARGETED_DEVICE_FAMILY = "1,2";
			};
			name = Release;
		};
/* End XCBuildConfiguration section */

/* Begin XCConfigurationList section */
		E86A6B4826C2E764009FF575 /* Build configuration list for PBXProject "FriendsCollection" */ = {
			isa = XCConfigurationList;
			buildConfigurations = (
				E86A6B5F26C2E766009FF575 /* Debug */,
				E86A6B6026C2E766009FF575 /* Release */,
			);
			defaultConfigurationIsVisible = 0;
			defaultConfigurationName = Release;
		};
		E86A6B6126C2E766009FF575 /* Build configuration list for PBXNativeTarget "FriendsCollection" */ = {
			isa = XCConfigurationList;
			buildConfigurations = (
				E86A6B6226C2E766009FF575 /* Debug */,
				E86A6B6326C2E766009FF575 /* Release */,
			);
			defaultConfigurationIsVisible = 0;
			defaultConfigurationName = Release;
		};
/* End XCConfigurationList section */
	};
	rootObject = E86A6B4526C2E764009FF575 /* Project object */;
}
